
Microsoft Visual Studio Solution File, Format Version 12.00
# Visual Studio 15
VisualStudioVersion = 15.0.28307.136
MinimumVisualStudioVersion = 10.0.40219.1
Project("{FAE04EC0-301F-11D3-BF4B-00C04F79EFBC}") = "WPFUI", "WPFUI\WPFUI.csproj", "{55071BC4-76D2-4402-AF54-399F5AB6D968}"
EndProject
Project("{FAE04EC0-301F-11D3-BF4B-00C04F79EFBC}") = "Engine", "Engine\Engine.csproj", "{AF84F970-7FED-40FF-AD2B-ED1895C1DD83}"
EndProject
Global
	GlobalSection(SolutionConfigurationPlatforms) = preSolution
		Debug|Any CPU = Debug|Any CPU
		Release|Any CPU = Release|Any CPU
	EndGlobalSection
	GlobalSection(ProjectConfigurationPlatforms) = postSolution
		{55071BC4-76D2-4402-AF54-399F5AB6D968}.Debug|Any CPU.ActiveCfg = Debug|Any CPU
		{55071BC4-76D2-4402-AF54-399F5AB6D968}.Debug|Any CPU.Build.0 = Debug|Any CPU
		{55071BC4-76D2-4402-AF54-399F5AB6D968}.Release|Any CPU.ActiveCfg = Release|Any CPU
		{55071BC4-76D2-4402-AF54-399F5AB6D968}.Release|Any CPU.Build.0 = Release|Any CPU
		{AF84F970-7FED-40FF-AD2B-ED1895C1DD83}.Debug|Any CPU.ActiveCfg = Debug|Any CPU
		{AF84F970-7FED-40FF-AD2B-ED1895C1DD83}.Debug|Any CPU.Build.0 = Debug|Any CPU
		{AF84F970-7FED-40FF-AD2B-ED1895C1DD83}.Release|Any CPU.ActiveCfg = Release|Any CPU
		{AF84F970-7FED-40FF-AD2B-ED1895C1DD83}.Release|Any CPU.Build.0 = Release|Any CPU
	EndGlobalSection
	GlobalSection(SolutionProperties) = preSolution
		HideSolutionNode = FALSE
	EndGlobalSection
	GlobalSection(ExtensibilityGlobals) = postSolution
		VisualSVNWorkingCopyRoot = .
		SolutionGuid = {015975F5-B116-4CDA-AE9F-9D5C10568B32}
	EndGlobalSection
EndGlobal
